
Microsoft Visual Studio Solution File, Format Version 12.00
# Visual Studio Version 17
VisualStudioVersion = 17.7.34009.444
MinimumVisualStudioVersion = 10.0.40219.1
Project("{9A19103F-16F7-4668-BE54-9A1E7A4F7556}") = "TestDelegate", "TestDelegate\TestDelegate.csproj", "{ADAD243B-8084-4B4C-B211-B1F5E16EE95A}"
EndProject
Project("{FAE04EC0-301F-11D3-BF4B-00C04F79EFBC}") = "TestDesignPattern", "TestDesignPattern\TestDesignPattern.csproj", "{1E6B4269-D575-4332-8A44-5F2D21E867C6}"
EndProject
Global
	GlobalSection(SolutionConfigurationPlatforms) = preSolution
		Debug|Any CPU = Debug|Any CPU
		Release|Any CPU = Release|Any CPU
	EndGlobalSection
	GlobalSection(ProjectConfigurationPlatforms) = postSolution
		{ADAD243B-8084-4B4C-B211-B1F5E16EE95A}.Debug|Any CPU.ActiveCfg = Debug|Any CPU
		{ADAD243B-8084-4B4C-B211-B1F5E16EE95A}.Debug|Any CPU.Build.0 = Debug|Any CPU
		{ADAD243B-8084-4B4C-B211-B1F5E16EE95A}.Release|Any CPU.ActiveCfg = Release|Any CPU
		{ADAD243B-8084-4B4C-B211-B1F5E16EE95A}.Release|Any CPU.Build.0 = Release|Any CPU
		{1E6B4269-D575-4332-8A44-5F2D21E867C6}.Debug|Any CPU.ActiveCfg = Debug|Any CPU
		{1E6B4269-D575-4332-8A44-5F2D21E867C6}.Debug|Any CPU.Build.0 = Debug|Any CPU
		{1E6B4269-D575-4332-8A44-5F2D21E867C6}.Release|Any CPU.ActiveCfg = Release|Any CPU
		{1E6B4269-D575-4332-8A44-5F2D21E867C6}.Release|Any CPU.Build.0 = Release|Any CPU
	EndGlobalSection
	GlobalSection(SolutionProperties) = preSolution
		HideSolutionNode = FALSE
	EndGlobalSection
	GlobalSection(ExtensibilityGlobals) = postSolution
		SolutionGuid = {A7CE08DA-61FF-437F-8EE4-B3762507F5FB}
	EndGlobalSection
EndGlobal
